
Microsoft Visual Studio Solution File, Format Version 12.00
# Visual Studio Version 16
VisualStudioVersion = 16.0.32228.343
MinimumVisualStudioVersion = 10.0.40219.1
Project("{D2ABAB84-BF74-430A-B69E-9DC6D40DDA17}") = "prjELECTROPT_AS", "prjELECTROPT_AS.dwproj", "{CE0FD7A1-78F7-4979-A4F6-55E32DD30D04}"
EndProject
Global
	GlobalSection(SolutionConfigurationPlatforms) = preSolution
		Development|Default = Development|Default
	EndGlobalSection
	GlobalSection(ProjectConfigurationPlatforms) = postSolution
		{CE0FD7A1-78F7-4979-A4F6-55E32DD30D04}.Development|Default.ActiveCfg = Development
		{CE0FD7A1-78F7-4979-A4F6-55E32DD30D04}.Development|Default.Build.0 = Development
		{CE0FD7A1-78F7-4979-A4F6-55E32DD30D04}.Development|Default.Deploy.0 = Development
	EndGlobalSection
	GlobalSection(SolutionProperties) = preSolution
		HideSolutionNode = FALSE
	EndGlobalSection
	GlobalSection(ExtensibilityGlobals) = postSolution
		SolutionGuid = {CC47E943-DB1A-41AD-86FD-58081E1B115F}
	EndGlobalSection
EndGlobal
